
Microsoft Visual Studio Solution File, Format Version 12.00
# Visual Studio Version 17
VisualStudioVersion = 17.6.33829.357
MinimumVisualStudioVersion = 10.0.40219.1
Project("{FAE04EC0-301F-11D3-BF4B-00C04F79EFBC}") = "VisionProCaliperToolDemo", "VisionProCaliperToolDemo\VisionProCaliperToolDemo.csproj", "{01C15679-3BE6-4D50-A508-3BDD62E9408F}"
EndProject
Project("{FAE04EC0-301F-11D3-BF4B-00C04F79EFBC}") = "VisionProBlobToolDemo", "VisionProBlobToolDemo\VisionProBlobToolDemo.csproj", "{5707ACB7-5E36-4A2B-BADC-BDE342F2F5A9}"
EndProject
Global
	GlobalSection(SolutionConfigurationPlatforms) = preSolution
		Debug|Any CPU = Debug|Any CPU
		Debug|x64 = Debug|x64
		Release|Any CPU = Release|Any CPU
		Release|x64 = Release|x64
	EndGlobalSection
	GlobalSection(ProjectConfigurationPlatforms) = postSolution
		{01C15679-3BE6-4D50-A508-3BDD62E9408F}.Debug|Any CPU.ActiveCfg = Debug|Any CPU
		{01C15679-3BE6-4D50-A508-3BDD62E9408F}.Debug|Any CPU.Build.0 = Debug|Any CPU
		{01C15679-3BE6-4D50-A508-3BDD62E9408F}.Debug|x64.ActiveCfg = Debug|x64
		{01C15679-3BE6-4D50-A508-3BDD62E9408F}.Debug|x64.Build.0 = Debug|x64
		{01C15679-3BE6-4D50-A508-3BDD62E9408F}.Release|Any CPU.ActiveCfg = Release|Any CPU
		{01C15679-3BE6-4D50-A508-3BDD62E9408F}.Release|Any CPU.Build.0 = Release|Any CPU
		{01C15679-3BE6-4D50-A508-3BDD62E9408F}.Release|x64.ActiveCfg = Release|x64
		{01C15679-3BE6-4D50-A508-3BDD62E9408F}.Release|x64.Build.0 = Release|x64
		{5707ACB7-5E36-4A2B-BADC-BDE342F2F5A9}.Debug|Any CPU.ActiveCfg = Debug|Any CPU
		{5707ACB7-5E36-4A2B-BADC-BDE342F2F5A9}.Debug|Any CPU.Build.0 = Debug|Any CPU
		{5707ACB7-5E36-4A2B-BADC-BDE342F2F5A9}.Debug|x64.ActiveCfg = Debug|Any CPU
		{5707ACB7-5E36-4A2B-BADC-BDE342F2F5A9}.Debug|x64.Build.0 = Debug|Any CPU
		{5707ACB7-5E36-4A2B-BADC-BDE342F2F5A9}.Release|Any CPU.ActiveCfg = Release|Any CPU
		{5707ACB7-5E36-4A2B-BADC-BDE342F2F5A9}.Release|Any CPU.Build.0 = Release|Any CPU
		{5707ACB7-5E36-4A2B-BADC-BDE342F2F5A9}.Release|x64.ActiveCfg = Release|Any CPU
		{5707ACB7-5E36-4A2B-BADC-BDE342F2F5A9}.Release|x64.Build.0 = Release|Any CPU
	EndGlobalSection
	GlobalSection(SolutionProperties) = preSolution
		HideSolutionNode = FALSE
	EndGlobalSection
	GlobalSection(ExtensibilityGlobals) = postSolution
		SolutionGuid = {9B02E502-D9AD-4222-B39E-98C18B71EF71}
	EndGlobalSection
EndGlobal
